
Microsoft Visual Studio Solution File, Format Version 12.00
# Visual Studio Version 17
VisualStudioVersion = 17.11.35327.3
MinimumVisualStudioVersion = 10.0.40219.1
Project("{FAE04EC0-301F-11D3-BF4B-00C04F79EFBC}") = "Kata 6 - Array and lists", "Kata 6 - Array and lists\Kata 6 - Array and lists.csproj", "{7E0D6E8A-AF94-4F2F-B02F-1022FD7B412E}"
EndProject
Global
	GlobalSection(SolutionConfigurationPlatforms) = preSolution
		Debug|Any CPU = Debug|Any CPU
		Release|Any CPU = Release|Any CPU
	EndGlobalSection
	GlobalSection(ProjectConfigurationPlatforms) = postSolution
		{7E0D6E8A-AF94-4F2F-B02F-1022FD7B412E}.Debug|Any CPU.ActiveCfg = Debug|Any CPU
		{7E0D6E8A-AF94-4F2F-B02F-1022FD7B412E}.Debug|Any CPU.Build.0 = Debug|Any CPU
		{7E0D6E8A-AF94-4F2F-B02F-1022FD7B412E}.Release|Any CPU.ActiveCfg = Release|Any CPU
		{7E0D6E8A-AF94-4F2F-B02F-1022FD7B412E}.Release|Any CPU.Build.0 = Release|Any CPU
	EndGlobalSection
	GlobalSection(SolutionProperties) = preSolution
		HideSolutionNode = FALSE
	EndGlobalSection
	GlobalSection(ExtensibilityGlobals) = postSolution
		SolutionGuid = {90566BE6-1029-41D5-8A73-FA9FD14F918F}
	EndGlobalSection
EndGlobal
