
Microsoft Visual Studio Solution File, Format Version 12.00
# Visual Studio Version 17
VisualStudioVersion = 17.11.35327.3
MinimumVisualStudioVersion = 10.0.40219.1
Project("{FAE04EC0-301F-11D3-BF4B-00C04F79EFBC}") = "Exam Kata - Text-Based Dungeon Crawler", "Exam Kata - Text-Based Dungeon Crawler\Exam Kata - Text-Based Dungeon Crawler.csproj", "{9207FB61-506C-434C-B9F4-7AE037D9CAFD}"
EndProject
Global
	GlobalSection(SolutionConfigurationPlatforms) = preSolution
		Debug|Any CPU = Debug|Any CPU
		Release|Any CPU = Release|Any CPU
	EndGlobalSection
	GlobalSection(ProjectConfigurationPlatforms) = postSolution
		{9207FB61-506C-434C-B9F4-7AE037D9CAFD}.Debug|Any CPU.ActiveCfg = Debug|Any CPU
		{9207FB61-506C-434C-B9F4-7AE037D9CAFD}.Debug|Any CPU.Build.0 = Debug|Any CPU
		{9207FB61-506C-434C-B9F4-7AE037D9CAFD}.Release|Any CPU.ActiveCfg = Release|Any CPU
		{9207FB61-506C-434C-B9F4-7AE037D9CAFD}.Release|Any CPU.Build.0 = Release|Any CPU
	EndGlobalSection
	GlobalSection(SolutionProperties) = preSolution
		HideSolutionNode = FALSE
	EndGlobalSection
	GlobalSection(ExtensibilityGlobals) = postSolution
		SolutionGuid = {F2A6ADBA-9726-4701-9DC2-42CFC053096D}
	EndGlobalSection
EndGlobal
