
Microsoft Visual Studio Solution File, Format Version 12.00
# Visual Studio Version 17
VisualStudioVersion = 17.11.35327.3
MinimumVisualStudioVersion = 10.0.40219.1
Project("{FAE04EC0-301F-11D3-BF4B-00C04F79EFBC}") = "Kata 10 - Extracting Interfaces to Reduce Code Duplication", "Kata 10 - Extracting Interfaces to Reduce Code Duplication\Kata 10 - Extracting Interfaces to Reduce Code Duplication.csproj", "{E931D6E2-F919-4A79-B915-C2E361125C95}"
EndProject
Global
	GlobalSection(SolutionConfigurationPlatforms) = preSolution
		Debug|Any CPU = Debug|Any CPU
		Release|Any CPU = Release|Any CPU
	EndGlobalSection
	GlobalSection(ProjectConfigurationPlatforms) = postSolution
		{E931D6E2-F919-4A79-B915-C2E361125C95}.Debug|Any CPU.ActiveCfg = Debug|Any CPU
		{E931D6E2-F919-4A79-B915-C2E361125C95}.Debug|Any CPU.Build.0 = Debug|Any CPU
		{E931D6E2-F919-4A79-B915-C2E361125C95}.Release|Any CPU.ActiveCfg = Release|Any CPU
		{E931D6E2-F919-4A79-B915-C2E361125C95}.Release|Any CPU.Build.0 = Release|Any CPU
	EndGlobalSection
	GlobalSection(SolutionProperties) = preSolution
		HideSolutionNode = FALSE
	EndGlobalSection
	GlobalSection(ExtensibilityGlobals) = postSolution
		SolutionGuid = {B43C038C-B14E-414E-B174-AD117CFE2C0E}
	EndGlobalSection
EndGlobal
